
Microsoft Visual Studio Solution File, Format Version 12.00
# Visual Studio 15
VisualStudioVersion = 15.0.26430.13
MinimumVisualStudioVersion = 10.0.40219.1
Project("{2150E333-8FDC-42A3-9474-1A3956D46DE8}") = ".paket", ".paket", "{3C205845-3BC1-4EBC-8474-1648888A5320}"
	ProjectSection(SolutionItems) = preProject
		paket.dependencies = paket.dependencies
		paket.lock = paket.lock
		.paket\Readme.paket.md = .paket\Readme.paket.md
	EndProjectSection
EndProject
Project("{FAE04EC0-301F-11D3-BF4B-00C04F79EFBC}") = "Gu.Wpf.FlipView", "Gu.Wpf.FlipView\Gu.Wpf.FlipView.csproj", "{B6B0CDA6-CBE0-4D18-A213-C0F5D8100DD1}"
EndProject
Project("{FAE04EC0-301F-11D3-BF4B-00C04F79EFBC}") = "Gu.Wpf.FlipView.Demo", "Gu.Wpf.FlipView.Demo\Gu.Wpf.FlipView.Demo.csproj", "{5ABE606A-93D4-47B0-A070-76863A9CE789}"
EndProject
Project("{FAE04EC0-301F-11D3-BF4B-00C04F79EFBC}") = "Gu.Wpf.FlipView.Tests", "Gu.Wpf.FlipView.Tests\Gu.Wpf.FlipView.Tests.csproj", "{1F09BF2F-02C3-4B8B-9042-17C042F1C5F7}"
EndProject
Project("{FAE04EC0-301F-11D3-BF4B-00C04F79EFBC}") = "Gu.Wpf.FlipView.UiTests", "Gu.Wpf.FlipView.UiTests\Gu.Wpf.FlipView.UiTests.csproj", "{21DFC04F-7CD0-4F16-B5A8-9822D7806506}"
EndProject
Global
	GlobalSection(SolutionConfigurationPlatforms) = preSolution
		CreateNugetPackage|Any CPU = CreateNugetPackage|Any CPU
		Debug|Any CPU = Debug|Any CPU
		Release|Any CPU = Release|Any CPU
	EndGlobalSection
	GlobalSection(ProjectConfigurationPlatforms) = postSolution
		{B6B0CDA6-CBE0-4D18-A213-C0F5D8100DD1}.CreateNugetPackage|Any CPU.ActiveCfg = CreateNugetPackage|Any CPU
		{B6B0CDA6-CBE0-4D18-A213-C0F5D8100DD1}.CreateNugetPackage|Any CPU.Build.0 = CreateNugetPackage|Any CPU
		{B6B0CDA6-CBE0-4D18-A213-C0F5D8100DD1}.Debug|Any CPU.ActiveCfg = Debug|Any CPU
		{B6B0CDA6-CBE0-4D18-A213-C0F5D8100DD1}.Debug|Any CPU.Build.0 = Debug|Any CPU
		{B6B0CDA6-CBE0-4D18-A213-C0F5D8100DD1}.Release|Any CPU.ActiveCfg = Release|Any CPU
		{B6B0CDA6-CBE0-4D18-A213-C0F5D8100DD1}.Release|Any CPU.Build.0 = Release|Any CPU
		{5ABE606A-93D4-47B0-A070-76863A9CE789}.CreateNugetPackage|Any CPU.ActiveCfg = CreateNugetPackage|Any CPU
		{5ABE606A-93D4-47B0-A070-76863A9CE789}.CreateNugetPackage|Any CPU.Build.0 = CreateNugetPackage|Any CPU
		{5ABE606A-93D4-47B0-A070-76863A9CE789}.Debug|Any CPU.ActiveCfg = Debug|Any CPU
		{5ABE606A-93D4-47B0-A070-76863A9CE789}.Debug|Any CPU.Build.0 = Debug|Any CPU
		{5ABE606A-93D4-47B0-A070-76863A9CE789}.Release|Any CPU.ActiveCfg = Release|Any CPU
		{5ABE606A-93D4-47B0-A070-76863A9CE789}.Release|Any CPU.Build.0 = Release|Any CPU
		{1F09BF2F-02C3-4B8B-9042-17C042F1C5F7}.CreateNugetPackage|Any CPU.ActiveCfg = Release|Any CPU
		{1F09BF2F-02C3-4B8B-9042-17C042F1C5F7}.CreateNugetPackage|Any CPU.Build.0 = Release|Any CPU
		{1F09BF2F-02C3-4B8B-9042-17C042F1C5F7}.Debug|Any CPU.ActiveCfg = Debug|Any CPU
		{1F09BF2F-02C3-4B8B-9042-17C042F1C5F7}.Debug|Any CPU.Build.0 = Debug|Any CPU
		{1F09BF2F-02C3-4B8B-9042-17C042F1C5F7}.Release|Any CPU.ActiveCfg = Release|Any CPU
		{1F09BF2F-02C3-4B8B-9042-17C042F1C5F7}.Release|Any CPU.Build.0 = Release|Any CPU
		{21DFC04F-7CD0-4F16-B5A8-9822D7806506}.CreateNugetPackage|Any CPU.ActiveCfg = Release|Any CPU
		{21DFC04F-7CD0-4F16-B5A8-9822D7806506}.CreateNugetPackage|Any CPU.Build.0 = Release|Any CPU
		{21DFC04F-7CD0-4F16-B5A8-9822D7806506}.Debug|Any CPU.ActiveCfg = Debug|Any CPU
		{21DFC04F-7CD0-4F16-B5A8-9822D7806506}.Debug|Any CPU.Build.0 = Debug|Any CPU
		{21DFC04F-7CD0-4F16-B5A8-9822D7806506}.Release|Any CPU.ActiveCfg = Release|Any CPU
		{21DFC04F-7CD0-4F16-B5A8-9822D7806506}.Release|Any CPU.Build.0 = Release|Any CPU
	EndGlobalSection
	GlobalSection(SolutionProperties) = preSolution
		HideSolutionNode = FALSE
	EndGlobalSection
EndGlobal
