
Microsoft Visual Studio Solution File, Format Version 12.00
# Visual Studio 2013
VisualStudioVersion = 12.0.31101.0
MinimumVisualStudioVersion = 10.0.40219.1
Project("{FAE04EC0-301F-11D3-BF4B-00C04F79EFBC}") = "Gu.Wpf.FlipView", "Gu.Wpf.FlipView\Gu.Wpf.FlipView.csproj", "{B6B0CDA6-CBE0-4D18-A213-C0F5D8100DD1}"
EndProject
Project("{2150E333-8FDC-42A3-9474-1A3956D46DE8}") = ".nuget", ".nuget", "{AE7F0476-B826-47FD-983C-011BE6352036}"
	ProjectSection(SolutionItems) = preProject
		Gu.Wpf.FlipView\Gu.Wpf.FlipView.nuspec = Gu.Wpf.FlipView\Gu.Wpf.FlipView.nuspec
		.nuget\NuGet.Config = .nuget\NuGet.Config
		.nuget\NuGet.exe = .nuget\NuGet.exe
		.nuget\NuGet.targets = .nuget\NuGet.targets
		.nuget\nuspec.2010.7.xsd = .nuget\nuspec.2010.7.xsd
		.nuget\nuspec.2011.8.xsd = .nuget\nuspec.2011.8.xsd
		.nuget\packages.config = .nuget\packages.config
	EndProjectSection
EndProject
Project("{FAE04EC0-301F-11D3-BF4B-00C04F79EFBC}") = "Gu.Wpf.FlipView.Demo", "Gu.Wpf.FlipView.Demo\Gu.Wpf.FlipView.Demo.csproj", "{5ABE606A-93D4-47B0-A070-76863A9CE789}"
EndProject
Project("{FAE04EC0-301F-11D3-BF4B-00C04F79EFBC}") = "Gu.Wpf.FlipView.Tests", "Gu.Wpf.FlipView.Tests\Gu.Wpf.FlipView.Tests.csproj", "{1F09BF2F-02C3-4B8B-9042-17C042F1C5F7}"
EndProject
Global
	GlobalSection(TeamFoundationVersionControl) = preSolution
		SccNumberOfProjects = 4
		SccEnterpriseProvider = {4CA58AB2-18FA-4F8D-95D4-32DDF27D184C}
		SccTeamFoundationServer = http://tfshub.sandvik.com:8080/tfs/defaultcollection
		SccLocalPath0 = .
		SccProjectUniqueName1 = Gu.Wpf.FlipView\\Gu.Wpf.FlipView.csproj
		SccProjectName1 = Gu.Wpf.FlipView
		SccLocalPath1 = Gu.Wpf.FlipView
		SccProjectUniqueName2 = Gu.Wpf.FlipView.Tests\\Gu.Wpf.FlipView.Tests.csproj
		SccProjectName2 = Gu.Wpf.FlipView.Tests
		SccLocalPath2 = Gu.Wpf.FlipView.Tests
		SccProjectUniqueName3 = Gu.Wpf.FlipView.Demo\\Gu.Wpf.FlipView.Demo.csproj
		SccProjectName3 = Gu.Wpf.FlipView.Demo
		SccLocalPath3 = Gu.Wpf.FlipView.Demo
	EndGlobalSection
	GlobalSection(SolutionConfigurationPlatforms) = preSolution
		CreateNugetPackage|Any CPU = CreateNugetPackage|Any CPU
		Debug|Any CPU = Debug|Any CPU
		Release|Any CPU = Release|Any CPU
	EndGlobalSection
	GlobalSection(ProjectConfigurationPlatforms) = postSolution
		{B6B0CDA6-CBE0-4D18-A213-C0F5D8100DD1}.CreateNugetPackage|Any CPU.ActiveCfg = CreateNugetPackage|Any CPU
		{B6B0CDA6-CBE0-4D18-A213-C0F5D8100DD1}.CreateNugetPackage|Any CPU.Build.0 = CreateNugetPackage|Any CPU
		{B6B0CDA6-CBE0-4D18-A213-C0F5D8100DD1}.Debug|Any CPU.ActiveCfg = Debug|Any CPU
		{B6B0CDA6-CBE0-4D18-A213-C0F5D8100DD1}.Debug|Any CPU.Build.0 = Debug|Any CPU
		{B6B0CDA6-CBE0-4D18-A213-C0F5D8100DD1}.Release|Any CPU.ActiveCfg = Release|Any CPU
		{B6B0CDA6-CBE0-4D18-A213-C0F5D8100DD1}.Release|Any CPU.Build.0 = Release|Any CPU
		{5ABE606A-93D4-47B0-A070-76863A9CE789}.CreateNugetPackage|Any CPU.ActiveCfg = CreateNugetPackage|Any CPU
		{5ABE606A-93D4-47B0-A070-76863A9CE789}.CreateNugetPackage|Any CPU.Build.0 = CreateNugetPackage|Any CPU
		{5ABE606A-93D4-47B0-A070-76863A9CE789}.Debug|Any CPU.ActiveCfg = Debug|Any CPU
		{5ABE606A-93D4-47B0-A070-76863A9CE789}.Debug|Any CPU.Build.0 = Debug|Any CPU
		{5ABE606A-93D4-47B0-A070-76863A9CE789}.Release|Any CPU.ActiveCfg = Release|Any CPU
		{5ABE606A-93D4-47B0-A070-76863A9CE789}.Release|Any CPU.Build.0 = Release|Any CPU
		{1F09BF2F-02C3-4B8B-9042-17C042F1C5F7}.CreateNugetPackage|Any CPU.ActiveCfg = Release|Any CPU
		{1F09BF2F-02C3-4B8B-9042-17C042F1C5F7}.CreateNugetPackage|Any CPU.Build.0 = Release|Any CPU
		{1F09BF2F-02C3-4B8B-9042-17C042F1C5F7}.Debug|Any CPU.ActiveCfg = Debug|Any CPU
		{1F09BF2F-02C3-4B8B-9042-17C042F1C5F7}.Debug|Any CPU.Build.0 = Debug|Any CPU
		{1F09BF2F-02C3-4B8B-9042-17C042F1C5F7}.Release|Any CPU.ActiveCfg = Release|Any CPU
		{1F09BF2F-02C3-4B8B-9042-17C042F1C5F7}.Release|Any CPU.Build.0 = Release|Any CPU
	EndGlobalSection
	GlobalSection(SolutionProperties) = preSolution
		HideSolutionNode = FALSE
	EndGlobalSection
EndGlobal
