
Microsoft Visual Studio Solution File, Format Version 12.00
# Visual Studio Version 16
VisualStudioVersion = 16.0.30011.22
MinimumVisualStudioVersion = 10.0.40219.1
Project("{2150E333-8FDC-42A3-9474-1A3956D46DE8}") = ".sln", ".sln", "{3C205845-3BC1-4EBC-8474-1648888A5320}"
	ProjectSection(SolutionItems) = preProject
		.editorconfig = .editorconfig
		appveyor.yml = appveyor.yml
		azure-pipelines.yml = azure-pipelines.yml
		paket.dependencies = paket.dependencies
		paket.lock = paket.lock
		.paket\Readme.paket.md = .paket\Readme.paket.md
		Settings.XamlStyler = Settings.XamlStyler
	EndProjectSection
EndProject
Project("{FAE04EC0-301F-11D3-BF4B-00C04F79EFBC}") = "Gu.Wpf.FlipView", "Gu.Wpf.FlipView\Gu.Wpf.FlipView.csproj", "{B6B0CDA6-CBE0-4D18-A213-C0F5D8100DD1}"
EndProject
Project("{FAE04EC0-301F-11D3-BF4B-00C04F79EFBC}") = "Gu.Wpf.FlipView.Demo", "Gu.Wpf.FlipView.Demo\Gu.Wpf.FlipView.Demo.csproj", "{5ABE606A-93D4-47B0-A070-76863A9CE789}"
EndProject
Project("{9A19103F-16F7-4668-BE54-9A1E7A4F7556}") = "Gu.Wpf.FlipView.Tests", "Gu.Wpf.FlipView.Tests\Gu.Wpf.FlipView.Tests.csproj", "{1F09BF2F-02C3-4B8B-9042-17C042F1C5F7}"
EndProject
Project("{9A19103F-16F7-4668-BE54-9A1E7A4F7556}") = "Gu.Wpf.FlipView.UiTests", "Gu.Wpf.FlipView.UiTests\Gu.Wpf.FlipView.UiTests.csproj", "{21DFC04F-7CD0-4F16-B5A8-9822D7806506}"
EndProject
Project("{2150E333-8FDC-42A3-9474-1A3956D46DE8}") = ".docs", ".docs", "{3C608586-A38A-4AF2-9C6D-1AB0DAB8F0CD}"
	ProjectSection(SolutionItems) = preProject
		LICENSE = LICENSE
		README.md = README.md
		RELEASE_NOTES.md = RELEASE_NOTES.md
	EndProjectSection
EndProject
Global
	GlobalSection(SolutionConfigurationPlatforms) = preSolution
		CreateNugetPackage|Any CPU = CreateNugetPackage|Any CPU
		Debug|Any CPU = Debug|Any CPU
		Release|Any CPU = Release|Any CPU
	EndGlobalSection
	GlobalSection(ProjectConfigurationPlatforms) = postSolution
		{B6B0CDA6-CBE0-4D18-A213-C0F5D8100DD1}.CreateNugetPackage|Any CPU.ActiveCfg = CreateNugetPackage|Any CPU
		{B6B0CDA6-CBE0-4D18-A213-C0F5D8100DD1}.CreateNugetPackage|Any CPU.Build.0 = CreateNugetPackage|Any CPU
		{B6B0CDA6-CBE0-4D18-A213-C0F5D8100DD1}.Debug|Any CPU.ActiveCfg = Debug|Any CPU
		{B6B0CDA6-CBE0-4D18-A213-C0F5D8100DD1}.Debug|Any CPU.Build.0 = Debug|Any CPU
		{B6B0CDA6-CBE0-4D18-A213-C0F5D8100DD1}.Release|Any CPU.ActiveCfg = Release|Any CPU
		{B6B0CDA6-CBE0-4D18-A213-C0F5D8100DD1}.Release|Any CPU.Build.0 = Release|Any CPU
		{5ABE606A-93D4-47B0-A070-76863A9CE789}.CreateNugetPackage|Any CPU.ActiveCfg = Release|Any CPU
		{5ABE606A-93D4-47B0-A070-76863A9CE789}.CreateNugetPackage|Any CPU.Build.0 = Release|Any CPU
		{5ABE606A-93D4-47B0-A070-76863A9CE789}.Debug|Any CPU.ActiveCfg = Debug|Any CPU
		{5ABE606A-93D4-47B0-A070-76863A9CE789}.Debug|Any CPU.Build.0 = Debug|Any CPU
		{5ABE606A-93D4-47B0-A070-76863A9CE789}.Release|Any CPU.ActiveCfg = Release|Any CPU
		{5ABE606A-93D4-47B0-A070-76863A9CE789}.Release|Any CPU.Build.0 = Release|Any CPU
		{1F09BF2F-02C3-4B8B-9042-17C042F1C5F7}.CreateNugetPackage|Any CPU.ActiveCfg = Release|Any CPU
		{1F09BF2F-02C3-4B8B-9042-17C042F1C5F7}.CreateNugetPackage|Any CPU.Build.0 = Release|Any CPU
		{1F09BF2F-02C3-4B8B-9042-17C042F1C5F7}.Debug|Any CPU.ActiveCfg = Debug|Any CPU
		{1F09BF2F-02C3-4B8B-9042-17C042F1C5F7}.Debug|Any CPU.Build.0 = Debug|Any CPU
		{1F09BF2F-02C3-4B8B-9042-17C042F1C5F7}.Release|Any CPU.ActiveCfg = Release|Any CPU
		{1F09BF2F-02C3-4B8B-9042-17C042F1C5F7}.Release|Any CPU.Build.0 = Release|Any CPU
		{21DFC04F-7CD0-4F16-B5A8-9822D7806506}.CreateNugetPackage|Any CPU.ActiveCfg = Release|Any CPU
		{21DFC04F-7CD0-4F16-B5A8-9822D7806506}.CreateNugetPackage|Any CPU.Build.0 = Release|Any CPU
		{21DFC04F-7CD0-4F16-B5A8-9822D7806506}.Debug|Any CPU.ActiveCfg = Debug|Any CPU
		{21DFC04F-7CD0-4F16-B5A8-9822D7806506}.Debug|Any CPU.Build.0 = Debug|Any CPU
		{21DFC04F-7CD0-4F16-B5A8-9822D7806506}.Release|Any CPU.ActiveCfg = Release|Any CPU
		{21DFC04F-7CD0-4F16-B5A8-9822D7806506}.Release|Any CPU.Build.0 = Release|Any CPU
	EndGlobalSection
	GlobalSection(SolutionProperties) = preSolution
		HideSolutionNode = FALSE
	EndGlobalSection
	GlobalSection(ExtensibilityGlobals) = postSolution
		SolutionGuid = {F5752AF8-253A-42DD-A8DC-ED985E54AA6D}
	EndGlobalSection
EndGlobal
